// !$*UTF8*$!
{
	archiveVersion = 1;
	classes = {
	};
	objectVersion = 56;
	objects = {

/* Begin PBXBuildFile section */
		3E46A179F807B532EA022F1C /* Pods_PracticalTask.framework in Frameworks */ = {isa = PBXBuildFile; fileRef = 561B892610A19B312F3DE85D /* Pods_PracticalTask.framework */; };
		4BC83E702B296ED30051470B /* AppDelegate.swift in Sources */ = {isa = PBXBuildFile; fileRef = 4BC83E6F2B296ED30051470B /* AppDelegate.swift */; };
		4BC83E722B296ED30051470B /* SceneDelegate.swift in Sources */ = {isa = PBXBuildFile; fileRef = 4BC83E712B296ED30051470B /* SceneDelegate.swift */; };
		4BC83E772B296ED30051470B /* Main.storyboard in Resources */ = {isa = PBXBuildFile; fileRef = 4BC83E752B296ED30051470B /* Main.storyboard */; };
		4BC83E792B296ED50051470B /* Assets.xcassets in Resources */ = {isa = PBXBuildFile; fileRef = 4BC83E782B296ED50051470B /* Assets.xcassets */; };
		4BC83E7C2B296ED50051470B /* LaunchScreen.storyboard in Resources */ = {isa = PBXBuildFile; fileRef = 4BC83E7A2B296ED50051470B /* LaunchScreen.storyboard */; };
		4BC83E842B296F870051470B /* LoginScreen.swift in Sources */ = {isa = PBXBuildFile; fileRef = 4BC83E832B296F870051470B /* LoginScreen.swift */; };
		4BC83E862B296FAB0051470B /* DashboardScreen.swift in Sources */ = {isa = PBXBuildFile; fileRef = 4BC83E852B296FAB0051470B /* DashboardScreen.swift */; };
		4BC83EA02B2979A50051470B /* UIViewController.swift in Sources */ = {isa = PBXBuildFile; fileRef = 4BC83E9E2B2979A50051470B /* UIViewController.swift */; };
		4BC83EA12B2979A50051470B /* UIView.swift in Sources */ = {isa = PBXBuildFile; fileRef = 4BC83E9F2B2979A50051470B /* UIView.swift */; };
		4BC83EA32B297D750051470B /* SBToastMessenger.swift in Sources */ = {isa = PBXBuildFile; fileRef = 4BC83EA22B297D740051470B /* SBToastMessenger.swift */; };
/* End PBXBuildFile section */

/* Begin PBXFileReference section */
		4BC83E6C2B296ED30051470B /* PracticalTask.app */ = {isa = PBXFileReference; explicitFileType = wrapper.application; includeInIndex = 0; path = PracticalTask.app; sourceTree = BUILT_PRODUCTS_DIR; };
		4BC83E6F2B296ED30051470B /* AppDelegate.swift */ = {isa = PBXFileReference; lastKnownFileType = sourcecode.swift; path = AppDelegate.swift; sourceTree = "<group>"; };
		4BC83E712B296ED30051470B /* SceneDelegate.swift */ = {isa = PBXFileReference; lastKnownFileType = sourcecode.swift; path = SceneDelegate.swift; sourceTree = "<group>"; };
		4BC83E762B296ED30051470B /* Base */ = {isa = PBXFileReference; lastKnownFileType = file.storyboard; name = Base; path = Base.lproj/Main.storyboard; sourceTree = "<group>"; };
		4BC83E782B296ED50051470B /* Assets.xcassets */ = {isa = PBXFileReference; lastKnownFileType = folder.assetcatalog; path = Assets.xcassets; sourceTree = "<group>"; };
		4BC83E7B2B296ED50051470B /* Base */ = {isa = PBXFileReference; lastKnownFileType = file.storyboard; name = Base; path = Base.lproj/LaunchScreen.storyboard; sourceTree = "<group>"; };
		4BC83E7D2B296ED50051470B /* Info.plist */ = {isa = PBXFileReference; lastKnownFileType = text.plist.xml; path = Info.plist; sourceTree = "<group>"; };
		4BC83E832B296F870051470B /* LoginScreen.swift */ = {isa = PBXFileReference; lastKnownFileType = sourcecode.swift; path = LoginScreen.swift; sourceTree = "<group>"; };
		4BC83E852B296FAB0051470B /* DashboardScreen.swift */ = {isa = PBXFileReference; lastKnownFileType = sourcecode.swift; path = DashboardScreen.swift; sourceTree = "<group>"; };
		4BC83E9E2B2979A50051470B /* UIViewController.swift */ = {isa = PBXFileReference; fileEncoding = 4; lastKnownFileType = sourcecode.swift; path = UIViewController.swift; sourceTree = "<group>"; };
		4BC83E9F2B2979A50051470B /* UIView.swift */ = {isa = PBXFileReference; fileEncoding = 4; lastKnownFileType = sourcecode.swift; path = UIView.swift; sourceTree = "<group>"; };
		4BC83EA22B297D740051470B /* SBToastMessenger.swift */ = {isa = PBXFileReference; fileEncoding = 4; lastKnownFileType = sourcecode.swift; path = SBToastMessenger.swift; sourceTree = "<group>"; };
		561B892610A19B312F3DE85D /* Pods_PracticalTask.framework */ = {isa = PBXFileReference; explicitFileType = wrapper.framework; includeInIndex = 0; path = Pods_PracticalTask.framework; sourceTree = BUILT_PRODUCTS_DIR; };
		89EFA66BDAB99B43EFB11038 /* Pods-PracticalTask.release.xcconfig */ = {isa = PBXFileReference; includeInIndex = 1; lastKnownFileType = text.xcconfig; name = "Pods-PracticalTask.release.xcconfig"; path = "Target Support Files/Pods-PracticalTask/Pods-PracticalTask.release.xcconfig"; sourceTree = "<group>"; };
		C7ED69C3E0982265AD8202CB /* Pods-PracticalTask.debug.xcconfig */ = {isa = PBXFileReference; includeInIndex = 1; lastKnownFileType = text.xcconfig; name = "Pods-PracticalTask.debug.xcconfig"; path = "Target Support Files/Pods-PracticalTask/Pods-PracticalTask.debug.xcconfig"; sourceTree = "<group>"; };
/* End PBXFileReference section */

/* Begin PBXFrameworksBuildPhase section */
		4BC83E692B296ED30051470B /* Frameworks */ = {
			isa = PBXFrameworksBuildPhase;
			buildActionMask = 2147483647;
			files = (
				3E46A179F807B532EA022F1C /* Pods_PracticalTask.framework in Frameworks */,
			);
			runOnlyForDeploymentPostprocessing = 0;
		};
/* End PBXFrameworksBuildPhase section */

/* Begin PBXGroup section */
		4BC83E632B296ED30051470B = {
			isa = PBXGroup;
			children = (
				4BC83E6E2B296ED30051470B /* PracticalTask */,
				4BC83E6D2B296ED30051470B /* Products */,
				E3098ABEA51AC56699762C9A /* Pods */,
				85923416FD309B478124A3B8 /* Frameworks */,
			);
			sourceTree = "<group>";
		};
		4BC83E6D2B296ED30051470B /* Products */ = {
			isa = PBXGroup;
			children = (
				4BC83E6C2B296ED30051470B /* PracticalTask.app */,
			);
			name = Products;
			sourceTree = "<group>";
		};
		4BC83E6E2B296ED30051470B /* PracticalTask */ = {
			isa = PBXGroup;
			children = (
				4BC83E6F2B296ED30051470B /* AppDelegate.swift */,
				4BC83E712B296ED30051470B /* SceneDelegate.swift */,
				4BC83E752B296ED30051470B /* Main.storyboard */,
				4BC83E852B296FAB0051470B /* DashboardScreen.swift */,
				4BC83E832B296F870051470B /* LoginScreen.swift */,
				4BC83E9D2B29791A0051470B /* Extension */,
				4BC83E782B296ED50051470B /* Assets.xcassets */,
				4BC83E7A2B296ED50051470B /* LaunchScreen.storyboard */,
				4BC83E7D2B296ED50051470B /* Info.plist */,
			);
			path = PracticalTask;
			sourceTree = "<group>";
		};
		4BC83E9D2B29791A0051470B /* Extension */ = {
			isa = PBXGroup;
			children = (
				4BC83E9F2B2979A50051470B /* UIView.swift */,
				4BC83E9E2B2979A50051470B /* UIViewController.swift */,
				4BC83EA22B297D740051470B /* SBToastMessenger.swift */,
			);
			path = Extension;
			sourceTree = "<group>";
		};
		85923416FD309B478124A3B8 /* Frameworks */ = {
			isa = PBXGroup;
			children = (
				561B892610A19B312F3DE85D /* Pods_PracticalTask.framework */,
			);
			name = Frameworks;
			sourceTree = "<group>";
		};
		E3098ABEA51AC56699762C9A /* Pods */ = {
			isa = PBXGroup;
			children = (
				C7ED69C3E0982265AD8202CB /* Pods-PracticalTask.debug.xcconfig */,
				89EFA66BDAB99B43EFB11038 /* Pods-PracticalTask.release.xcconfig */,
			);
			path = Pods;
			sourceTree = "<group>";
		};
/* End PBXGroup section */

/* Begin PBXNativeTarget section */
		4BC83E6B2B296ED30051470B /* PracticalTask */ = {
			isa = PBXNativeTarget;
			buildConfigurationList = 4BC83E802B296ED50051470B /* Build configuration list for PBXNativeTarget "PracticalTask" */;
			buildPhases = (
				F9717E79CADD348829D7B71A /* [CP] Check Pods Manifest.lock */,
				4BC83E682B296ED30051470B /* Sources */,
				4BC83E692B296ED30051470B /* Frameworks */,
				4BC83E6A2B296ED30051470B /* Resources */,
				D249D6C1D8E0B36C967D3230 /* [CP] Embed Pods Frameworks */,
			);
			buildRules = (
			);
			dependencies = (
			);
			name = PracticalTask;
			productName = PracticalTask;
			productReference = 4BC83E6C2B296ED30051470B /* PracticalTask.app */;
			productType = "com.apple.product-type.application";
		};
/* End PBXNativeTarget section */

/* Begin PBXProject section */
		4BC83E642B296ED30051470B /* Project object */ = {
			isa = PBXProject;
			attributes = {
				BuildIndependentTargetsInParallel = 1;
				LastSwiftUpdateCheck = 1500;
				LastUpgradeCheck = 1500;
				TargetAttributes = {
					4BC83E6B2B296ED30051470B = {
						CreatedOnToolsVersion = 15.0.1;
					};
				};
			};
			buildConfigurationList = 4BC83E672B296ED30051470B /* Build configuration list for PBXProject "PracticalTask" */;
			compatibilityVersion = "Xcode 14.0";
			developmentRegion = en;
			hasScannedForEncodings = 0;
			knownRegions = (
				en,
				Base,
			);
			mainGroup = 4BC83E632B296ED30051470B;
			productRefGroup = 4BC83E6D2B296ED30051470B /* Products */;
			projectDirPath = "";
			projectRoot = "";
			targets = (
				4BC83E6B2B296ED30051470B /* PracticalTask */,
			);
		};
/* End PBXProject section */

/* Begin PBXResourcesBuildPhase section */
		4BC83E6A2B296ED30051470B /* Resources */ = {
			isa = PBXResourcesBuildPhase;
			buildActionMask = 2147483647;
			files = (
				4BC83E7C2B296ED50051470B /* LaunchScreen.storyboard in Resources */,
				4BC83E792B296ED50051470B /* Assets.xcassets in Resources */,
				4BC83E772B296ED30051470B /* Main.storyboard in Resources */,
			);
			runOnlyForDeploymentPostprocessing = 0;
		};
/* End PBXResourcesBuildPhase section */

/* Begin PBXShellScriptBuildPhase section */
		D249D6C1D8E0B36C967D3230 /* [CP] Embed Pods Frameworks */ = {
			isa = PBXShellScriptBuildPhase;
			buildActionMask = 2147483647;
			files = (
			);
			inputFileListPaths = (
				"${PODS_ROOT}/Target Support Files/Pods-PracticalTask/Pods-PracticalTask-frameworks-${CONFIGURATION}-input-files.xcfilelist",
			);
			name = "[CP] Embed Pods Frameworks";
			outputFileListPaths = (
				"${PODS_ROOT}/Target Support Files/Pods-PracticalTask/Pods-PracticalTask-frameworks-${CONFIGURATION}-output-files.xcfilelist",
			);
			runOnlyForDeploymentPostprocessing = 0;
			shellPath = /bin/sh;
			shellScript = "\"${PODS_ROOT}/Target Support Files/Pods-PracticalTask/Pods-PracticalTask-frameworks.sh\"\n";
			showEnvVarsInLog = 0;
		};
		F9717E79CADD348829D7B71A /* [CP] Check Pods Manifest.lock */ = {
			isa = PBXShellScriptBuildPhase;
			buildActionMask = 2147483647;
			files = (
			);
			inputFileListPaths = (
			);
			inputPaths = (
				"${PODS_PODFILE_DIR_PATH}/Podfile.lock",
				"${PODS_ROOT}/Manifest.lock",
			);
			name = "[CP] Check Pods Manifest.lock";
			outputFileListPaths = (
			);
			outputPaths = (
				"$(DERIVED_FILE_DIR)/Pods-PracticalTask-checkManifestLockResult.txt",
			);
			runOnlyForDeploymentPostprocessing = 0;
			shellPath = /bin/sh;
			shellScript = "diff \"${PODS_PODFILE_DIR_PATH}/Podfile.lock\" \"${PODS_ROOT}/Manifest.lock\" > /dev/null\nif [ $? != 0 ] ; then\n    # print error to STDERR\n    echo \"error: The sandbox is not in sync with the Podfile.lock. Run 'pod install' or update your CocoaPods installation.\" >&2\n    exit 1\nfi\n# This output is used by Xcode 'outputs' to avoid re-running this script phase.\necho \"SUCCESS\" > \"${SCRIPT_OUTPUT_FILE_0}\"\n";
			showEnvVarsInLog = 0;
		};
/* End PBXShellScriptBuildPhase section */

/* Begin PBXSourcesBuildPhase section */
		4BC83E682B296ED30051470B /* Sources */ = {
			isa = PBXSourcesBuildPhase;
			buildActionMask = 2147483647;
			files = (
				4BC83EA02B2979A50051470B /* UIViewController.swift in Sources */,
				4BC83E842B296F870051470B /* LoginScreen.swift in Sources */,
				4BC83E702B296ED30051470B /* AppDelegate.swift in Sources */,
				4BC83E722B296ED30051470B /* SceneDelegate.swift in Sources */,
				4BC83EA32B297D750051470B /* SBToastMessenger.swift in Sources */,
				4BC83EA12B2979A50051470B /* UIView.swift in Sources */,
				4BC83E862B296FAB0051470B /* DashboardScreen.swift in Sources */,
			);
			runOnlyForDeploymentPostprocessing = 0;
		};
/* End PBXSourcesBuildPhase section */

/* Begin PBXVariantGroup section */
		4BC83E752B296ED30051470B /* Main.storyboard */ = {
			isa = PBXVariantGroup;
			children = (
				4BC83E762B296ED30051470B /* Base */,
			);
			name = Main.storyboard;
			sourceTree = "<group>";
		};
		4BC83E7A2B296ED50051470B /* LaunchScreen.storyboard */ = {
			isa = PBXVariantGroup;
			children = (
				4BC83E7B2B296ED50051470B /* Base */,
			);
			name = LaunchScreen.storyboard;
			sourceTree = "<group>";
		};
/* End PBXVariantGroup section */

/* Begin XCBuildConfiguration section */
		4BC83E7E2B296ED50051470B /* Debug */ = {
			isa = XCBuildConfiguration;
			buildSettings = {
				ALWAYS_SEARCH_USER_PATHS = NO;
				ASSETCATALOG_COMPILER_GENERATE_SWIFT_ASSET_SYMBOL_EXTENSIONS = YES;
				CLANG_ANALYZER_NONNULL = YES;
				CLANG_ANALYZER_NUMBER_OBJECT_CONVERSION = YES_AGGRESSIVE;
				CLANG_CXX_LANGUAGE_STANDARD = "gnu++20";
				CLANG_ENABLE_MODULES = YES;
				CLANG_ENABLE_OBJC_ARC = YES;
				CLANG_ENABLE_OBJC_WEAK = YES;
				CLANG_WARN_BLOCK_CAPTURE_AUTORELEASING = YES;
				CLANG_WARN_BOOL_CONVERSION = YES;
				CLANG_WARN_COMMA = YES;
				CLANG_WARN_CONSTANT_CONVERSION = YES;
				CLANG_WARN_DEPRECATED_OBJC_IMPLEMENTATIONS = YES;
				CLANG_WARN_DIRECT_OBJC_ISA_USAGE = YES_ERROR;
				CLANG_WARN_DOCUMENTATION_COMMENTS = YES;
				CLANG_WARN_EMPTY_BODY = YES;
				CLANG_WARN_ENUM_CONVERSION = YES;
				CLANG_WARN_INFINITE_RECURSION = YES;
				CLANG_WARN_INT_CONVERSION = YES;
				CLANG_WARN_NON_LITERAL_NULL_CONVERSION = YES;
				CLANG_WARN_OBJC_IMPLICIT_RETAIN_SELF = YES;
				CLANG_WARN_OBJC_LITERAL_CONVERSION = YES;
				CLANG_WARN_OBJC_ROOT_CLASS = YES_ERROR;
				CLANG_WARN_QUOTED_INCLUDE_IN_FRAMEWORK_HEADER = YES;
				CLANG_WARN_RANGE_LOOP_ANALYSIS = YES;
				CLANG_WARN_STRICT_PROTOTYPES = YES;
				CLANG_WARN_SUSPICIOUS_MOVE = YES;
				CLANG_WARN_UNGUARDED_AVAILABILITY = YES_AGGRESSIVE;
				CLANG_WARN_UNREACHABLE_CODE = YES;
				CLANG_WARN__DUPLICATE_METHOD_MATCH = YES;
				COPY_PHASE_STRIP = NO;
				DEBUG_INFORMATION_FORMAT = dwarf;
				ENABLE_STRICT_OBJC_MSGSEND = YES;
				ENABLE_TESTABILITY = YES;
				ENABLE_USER_SCRIPT_SANDBOXING = NO;
				GCC_C_LANGUAGE_STANDARD = gnu17;
				GCC_DYNAMIC_NO_PIC = NO;
				GCC_NO_COMMON_BLOCKS = YES;
				GCC_OPTIMIZATION_LEVEL = 0;
				GCC_PREPROCESSOR_DEFINITIONS = (
					"DEBUG=1",
					"$(inherited)",
				);
				GCC_WARN_64_TO_32_BIT_CONVERSION = YES;
				GCC_WARN_ABOUT_RETURN_TYPE = YES_ERROR;
				GCC_WARN_UNDECLARED_SELECTOR = YES;
				GCC_WARN_UNINITIALIZED_AUTOS = YES_AGGRESSIVE;
				GCC_WARN_UNUSED_FUNCTION = YES;
				GCC_WARN_UNUSED_VARIABLE = YES;
				IPHONEOS_DEPLOYMENT_TARGET = 17.0;
				LOCALIZATION_PREFERS_STRING_CATALOGS = YES;
				MTL_ENABLE_DEBUG_INFO = INCLUDE_SOURCE;
				MTL_FAST_MATH = YES;
				ONLY_ACTIVE_ARCH = YES;
				SDKROOT = iphoneos;
				SWIFT_ACTIVE_COMPILATION_CONDITIONS = "DEBUG $(inherited)";
				SWIFT_OPTIMIZATION_LEVEL = "-Onone";
			};
			name = Debug;
		};
		4BC83E7F2B296ED50051470B /* Release */ = {
			isa = XCBuildConfiguration;
			buildSettings = {
				ALWAYS_SEARCH_USER_PATHS = NO;
				ASSETCATALOG_COMPILER_GENERATE_SWIFT_ASSET_SYMBOL_EXTENSIONS = YES;
				CLANG_ANALYZER_NONNULL = YES;
				CLANG_ANALYZER_NUMBER_OBJECT_CONVERSION = YES_AGGRESSIVE;
				CLANG_CXX_LANGUAGE_STANDARD = "gnu++20";
				CLANG_ENABLE_MODULES = YES;
				CLANG_ENABLE_OBJC_ARC = YES;
				CLANG_ENABLE_OBJC_WEAK = YES;
				CLANG_WARN_BLOCK_CAPTURE_AUTORELEASING = YES;
				CLANG_WARN_BOOL_CONVERSION = YES;
				CLANG_WARN_COMMA = YES;
				CLANG_WARN_CONSTANT_CONVERSION = YES;
				CLANG_WARN_DEPRECATED_OBJC_IMPLEMENTATIONS = YES;
				CLANG_WARN_DIRECT_OBJC_ISA_USAGE = YES_ERROR;
				CLANG_WARN_DOCUMENTATION_COMMENTS = YES;
				CLANG_WARN_EMPTY_BODY = YES;
				CLANG_WARN_ENUM_CONVERSION = YES;
				CLANG_WARN_INFINITE_RECURSION = YES;
				CLANG_WARN_INT_CONVERSION = YES;
				CLANG_WARN_NON_LITERAL_NULL_CONVERSION = YES;
				CLANG_WARN_OBJC_IMPLICIT_RETAIN_SELF = YES;
				CLANG_WARN_OBJC_LITERAL_CONVERSION = YES;
				CLANG_WARN_OBJC_ROOT_CLASS = YES_ERROR;
				CLANG_WARN_QUOTED_INCLUDE_IN_FRAMEWORK_HEADER = YES;
				CLANG_WARN_RANGE_LOOP_ANALYSIS = YES;
				CLANG_WARN_STRICT_PROTOTYPES = YES;
				CLANG_WARN_SUSPICIOUS_MOVE = YES;
				CLANG_WARN_UNGUARDED_AVAILABILITY = YES_AGGRESSIVE;
				CLANG_WARN_UNREACHABLE_CODE = YES;
				CLANG_WARN__DUPLICATE_METHOD_MATCH = YES;
				COPY_PHASE_STRIP = NO;
				DEBUG_INFORMATION_FORMAT = "dwarf-with-dsym";
				ENABLE_NS_ASSERTIONS = NO;
				ENABLE_STRICT_OBJC_MSGSEND = YES;
				ENABLE_USER_SCRIPT_SANDBOXING = NO;
				GCC_C_LANGUAGE_STANDARD = gnu17;
				GCC_NO_COMMON_BLOCKS = YES;
				GCC_WARN_64_TO_32_BIT_CONVERSION = YES;
				GCC_WARN_ABOUT_RETURN_TYPE = YES_ERROR;
				GCC_WARN_UNDECLARED_SELECTOR = YES;
				GCC_WARN_UNINITIALIZED_AUTOS = YES_AGGRESSIVE;
				GCC_WARN_UNUSED_FUNCTION = YES;
				GCC_WARN_UNUSED_VARIABLE = YES;
				IPHONEOS_DEPLOYMENT_TARGET = 17.0;
				LOCALIZATION_PREFERS_STRING_CATALOGS = YES;
				MTL_ENABLE_DEBUG_INFO = NO;
				MTL_FAST_MATH = YES;
				SDKROOT = iphoneos;
				SWIFT_COMPILATION_MODE = wholemodule;
				VALIDATE_PRODUCT = YES;
			};
			name = Release;
		};
		4BC83E812B296ED50051470B /* Debug */ = {
			isa = XCBuildConfiguration;
			baseConfigurationReference = C7ED69C3E0982265AD8202CB /* Pods-PracticalTask.debug.xcconfig */;
			buildSettings = {
				ASSETCATALOG_COMPILER_APPICON_NAME = AppIcon;
				ASSETCATALOG_COMPILER_GLOBAL_ACCENT_COLOR_NAME = AccentColor;
				CODE_SIGN_STYLE = Automatic;
				CURRENT_PROJECT_VERSION = 1;
				GENERATE_INFOPLIST_FILE = YES;
				INFOPLIST_FILE = PracticalTask/Info.plist;
				INFOPLIST_KEY_UIApplicationSupportsIndirectInputEvents = YES;
				INFOPLIST_KEY_UILaunchStoryboardName = LaunchScreen;
				INFOPLIST_KEY_UIMainStoryboardFile = Main;
				INFOPLIST_KEY_UISupportedInterfaceOrientations_iPad = "UIInterfaceOrientationPortrait UIInterfaceOrientationPortraitUpsideDown UIInterfaceOrientationLandscapeLeft UIInterfaceOrientationLandscapeRight";
				INFOPLIST_KEY_UISupportedInterfaceOrientations_iPhone = "UIInterfaceOrientationPortrait UIInterfaceOrientationLandscapeLeft UIInterfaceOrientationLandscapeRight";
				LD_RUNPATH_SEARCH_PATHS = (
					"$(inherited)",
					"@executable_path/Frameworks",
				);
				MARKETING_VERSION = 1.0;
				PRODUCT_BUNDLE_IDENTIFIER = eventapp.app.PracticalTask;
				PRODUCT_NAME = "$(TARGET_NAME)";
				SWIFT_EMIT_LOC_STRINGS = YES;
				SWIFT_VERSION = 5.0;
				TARGETED_DEVICE_FAMILY = "1,2";
			};
			name = Debug;
		};
		4BC83E822B296ED50051470B /* Release */ = {
			isa = XCBuildConfiguration;
			baseConfigurationReference = 89EFA66BDAB99B43EFB11038 /* Pods-PracticalTask.release.xcconfig */;
			buildSettings = {
				ASSETCATALOG_COMPILER_APPICON_NAME = AppIcon;
				ASSETCATALOG_COMPILER_GLOBAL_ACCENT_COLOR_NAME = AccentColor;
				CODE_SIGN_STYLE = Automatic;
				CURRENT_PROJECT_VERSION = 1;
				GENERATE_INFOPLIST_FILE = YES;
				INFOPLIST_FILE = PracticalTask/Info.plist;
				INFOPLIST_KEY_UIApplicationSupportsIndirectInputEvents = YES;
				INFOPLIST_KEY_UILaunchStoryboardName = LaunchScreen;
				INFOPLIST_KEY_UIMainStoryboardFile = Main;
				INFOPLIST_KEY_UISupportedInterfaceOrientations_iPad = "UIInterfaceOrientationPortrait UIInterfaceOrientationPortraitUpsideDown UIInterfaceOrientationLandscapeLeft UIInterfaceOrientationLandscapeRight";
				INFOPLIST_KEY_UISupportedInterfaceOrientations_iPhone = "UIInterfaceOrientationPortrait UIInterfaceOrientationLandscapeLeft UIInterfaceOrientationLandscapeRight";
				LD_RUNPATH_SEARCH_PATHS = (
					"$(inherited)",
					"@executable_path/Frameworks",
				);
				MARKETING_VERSION = 1.0;
				PRODUCT_BUNDLE_IDENTIFIER = eventapp.app.PracticalTask;
				PRODUCT_NAME = "$(TARGET_NAME)";
				SWIFT_EMIT_LOC_STRINGS = YES;
				SWIFT_VERSION = 5.0;
				TARGETED_DEVICE_FAMILY = "1,2";
			};
			name = Release;
		};
/* End XCBuildConfiguration section */

/* Begin XCConfigurationList section */
		4BC83E672B296ED30051470B /* Build configuration list for PBXProject "PracticalTask" */ = {
			isa = XCConfigurationList;
			buildConfigurations = (
				4BC83E7E2B296ED50051470B /* Debug */,
				4BC83E7F2B296ED50051470B /* Release */,
			);
			defaultConfigurationIsVisible = 0;
			defaultConfigurationName = Release;
		};
		4BC83E802B296ED50051470B /* Build configuration list for PBXNativeTarget "PracticalTask" */ = {
			isa = XCConfigurationList;
			buildConfigurations = (
				4BC83E812B296ED50051470B /* Debug */,
				4BC83E822B296ED50051470B /* Release */,
			);
			defaultConfigurationIsVisible = 0;
			defaultConfigurationName = Release;
		};
/* End XCConfigurationList section */
	};
	rootObject = 4BC83E642B296ED30051470B /* Project object */;
}
